{
  "name": "donation-platform",
  "version": "1.0.0",
  "lockfileVersion": 1,
  "requires": true,
  "dependencies": {
    "@truffle/hdwallet-provider": {
      "version": "1.7.0",
      "resolved": "https://registry.npmjs.org/@truffle/hdwallet-provider/-/hdwallet-provider-1.7.0.tgz",
      "integrity": "sha512-..."
    },
    "web3": {
      "version": "1.6.1",
      "resolved": "https://registry.npmjs.org/web3/-/web3-1.6.1.tgz",
      "integrity": "sha512-..."
    },
    "lite-server": {
      "version": "2.6.1",
      "resolved": "https://registry.npmjs.org/lite-server/-/lite-server-2.6.1.tgz",
      "integrity": "sha512-..."
    },
    "truffle": {
      "version": "5.4.22",
      "resolved": "https://registry.npmjs.org/truffle/-/truffle-5.4.22.tgz",
      "integrity": "sha512-..."
    }

  }
}
